// !$*UTF8*$!
{
	archiveVersion = 1;
	classes = {
	};
	objectVersion = 50;
	objects = {

/* Begin PBXBuildFile section */
		969935472561D04700A9005C /* AppDelegate.swift in Sources */ = {isa = PBXBuildFile; fileRef = 969935462561D04700A9005C /* AppDelegate.swift */; };
		969935492561D04700A9005C /* SceneDelegate.swift in Sources */ = {isa = PBXBuildFile; fileRef = 969935482561D04700A9005C /* SceneDelegate.swift */; };
		9699354B2561D04700A9005C /* ViewController.swift in Sources */ = {isa = PBXBuildFile; fileRef = 9699354A2561D04700A9005C /* ViewController.swift */; };
		9699354E2561D04800A9005C /* Main.storyboard in Resources */ = {isa = PBXBuildFile; fileRef = 9699354C2561D04800A9005C /* Main.storyboard */; };
		969935502561D05000A9005C /* Assets.xcassets in Resources */ = {isa = PBXBuildFile; fileRef = 9699354F2561D05000A9005C /* Assets.xcassets */; };
		969935532561D05000A9005C /* LaunchScreen.storyboard in Resources */ = {isa = PBXBuildFile; fileRef = 969935512561D05000A9005C /* LaunchScreen.storyboard */; };
		9699355E2561D05100A9005C /* helloTests.swift in Sources */ = {isa = PBXBuildFile; fileRef = 9699355D2561D05100A9005C /* helloTests.swift */; };
		969935692561D05100A9005C /* helloUITests.swift in Sources */ = {isa = PBXBuildFile; fileRef = 969935682561D05100A9005C /* helloUITests.swift */; };
		9699357D2561DAFD00A9005C /* RegisterViewController.swift in Sources */ = {isa = PBXBuildFile; fileRef = 9699357C2561DAFD00A9005C /* RegisterViewController.swift */; };
/* End PBXBuildFile section */

/* Begin PBXContainerItemProxy section */
		9699355A2561D05100A9005C /* PBXContainerItemProxy */ = {
			isa = PBXContainerItemProxy;
			containerPortal = 9699353B2561D04700A9005C /* Project object */;
			proxyType = 1;
			remoteGlobalIDString = 969935422561D04700A9005C;
			remoteInfo = hello;
		};
		969935652561D05100A9005C /* PBXContainerItemProxy */ = {
			isa = PBXContainerItemProxy;
			containerPortal = 9699353B2561D04700A9005C /* Project object */;
			proxyType = 1;
			remoteGlobalIDString = 969935422561D04700A9005C;
			remoteInfo = hello;
		};
/* End PBXContainerItemProxy section */

/* Begin PBXFileReference section */
		969935432561D04700A9005C /* hello.app */ = {isa = PBXFileReference; explicitFileType = wrapper.application; includeInIndex = 0; path = hello.app; sourceTree = BUILT_PRODUCTS_DIR; };
		969935462561D04700A9005C /* AppDelegate.swift */ = {isa = PBXFileReference; lastKnownFileType = sourcecode.swift; path = AppDelegate.swift; sourceTree = "<group>"; };
		969935482561D04700A9005C /* SceneDelegate.swift */ = {isa = PBXFileReference; lastKnownFileType = sourcecode.swift; path = SceneDelegate.swift; sourceTree = "<group>"; };
		9699354A2561D04700A9005C /* ViewController.swift */ = {isa = PBXFileReference; lastKnownFileType = sourcecode.swift; path = ViewController.swift; sourceTree = "<group>"; };
		9699354D2561D04800A9005C /* Base */ = {isa = PBXFileReference; lastKnownFileType = file.storyboard; name = Base; path = Base.lproj/Main.storyboard; sourceTree = "<group>"; };
		9699354F2561D05000A9005C /* Assets.xcassets */ = {isa = PBXFileReference; lastKnownFileType = folder.assetcatalog; path = Assets.xcassets; sourceTree = "<group>"; };
		969935522561D05000A9005C /* Base */ = {isa = PBXFileReference; lastKnownFileType = file.storyboard; name = Base; path = Base.lproj/LaunchScreen.storyboard; sourceTree = "<group>"; };
		969935542561D05000A9005C /* Info.plist */ = {isa = PBXFileReference; lastKnownFileType = text.plist.xml; path = Info.plist; sourceTree = "<group>"; };
		969935592561D05100A9005C /* helloTests.xctest */ = {isa = PBXFileReference; explicitFileType = wrapper.cfbundle; includeInIndex = 0; path = helloTests.xctest; sourceTree = BUILT_PRODUCTS_DIR; };
		9699355D2561D05100A9005C /* helloTests.swift */ = {isa = PBXFileReference; lastKnownFileType = sourcecode.swift; path = helloTests.swift; sourceTree = "<group>"; };
		9699355F2561D05100A9005C /* Info.plist */ = {isa = PBXFileReference; lastKnownFileType = text.plist.xml; path = Info.plist; sourceTree = "<group>"; };
		969935642561D05100A9005C /* helloUITests.xctest */ = {isa = PBXFileReference; explicitFileType = wrapper.cfbundle; includeInIndex = 0; path = helloUITests.xctest; sourceTree = BUILT_PRODUCTS_DIR; };
		969935682561D05100A9005C /* helloUITests.swift */ = {isa = PBXFileReference; lastKnownFileType = sourcecode.swift; path = helloUITests.swift; sourceTree = "<group>"; };
		9699356A2561D05100A9005C /* Info.plist */ = {isa = PBXFileReference; lastKnownFileType = text.plist.xml; path = Info.plist; sourceTree = "<group>"; };
		9699357C2561DAFD00A9005C /* RegisterViewController.swift */ = {isa = PBXFileReference; lastKnownFileType = sourcecode.swift; path = RegisterViewController.swift; sourceTree = "<group>"; };
/* End PBXFileReference section */

/* Begin PBXFrameworksBuildPhase section */
		969935402561D04700A9005C /* Frameworks */ = {
			isa = PBXFrameworksBuildPhase;
			buildActionMask = 2147483647;
			files = (
			);
			runOnlyForDeploymentPostprocessing = 0;
		};
		969935562561D05100A9005C /* Frameworks */ = {
			isa = PBXFrameworksBuildPhase;
			buildActionMask = 2147483647;
			files = (
			);
			runOnlyForDeploymentPostprocessing = 0;
		};
		969935612561D05100A9005C /* Frameworks */ = {
			isa = PBXFrameworksBuildPhase;
			buildActionMask = 2147483647;
			files = (
			);
			runOnlyForDeploymentPostprocessing = 0;
		};
/* End PBXFrameworksBuildPhase section */

/* Begin PBXGroup section */
		9699353A2561D04700A9005C = {
			isa = PBXGroup;
			children = (
				969935452561D04700A9005C /* hello */,
				9699355C2561D05100A9005C /* helloTests */,
				969935672561D05100A9005C /* helloUITests */,
				969935442561D04700A9005C /* Products */,
			);
			sourceTree = "<group>";
		};
		969935442561D04700A9005C /* Products */ = {
			isa = PBXGroup;
			children = (
				969935432561D04700A9005C /* hello.app */,
				969935592561D05100A9005C /* helloTests.xctest */,
				969935642561D05100A9005C /* helloUITests.xctest */,
			);
			name = Products;
			sourceTree = "<group>";
		};
		969935452561D04700A9005C /* hello */ = {
			isa = PBXGroup;
			children = (
				969935462561D04700A9005C /* AppDelegate.swift */,
				969935482561D04700A9005C /* SceneDelegate.swift */,
				9699354A2561D04700A9005C /* ViewController.swift */,
				9699357C2561DAFD00A9005C /* RegisterViewController.swift */,
				9699354C2561D04800A9005C /* Main.storyboard */,
				9699354F2561D05000A9005C /* Assets.xcassets */,
				969935512561D05000A9005C /* LaunchScreen.storyboard */,
				969935542561D05000A9005C /* Info.plist */,
			);
			path = hello;
			sourceTree = "<group>";
		};
		9699355C2561D05100A9005C /* helloTests */ = {
			isa = PBXGroup;
			children = (
				9699355D2561D05100A9005C /* helloTests.swift */,
				9699355F2561D05100A9005C /* Info.plist */,
			);
			path = helloTests;
			sourceTree = "<group>";
		};
		969935672561D05100A9005C /* helloUITests */ = {
			isa = PBXGroup;
			children = (
				969935682561D05100A9005C /* helloUITests.swift */,
				9699356A2561D05100A9005C /* Info.plist */,
			);
			path = helloUITests;
			sourceTree = "<group>";
		};
/* End PBXGroup section */

/* Begin PBXNativeTarget section */
		969935422561D04700A9005C /* hello */ = {
			isa = PBXNativeTarget;
			buildConfigurationList = 9699356D2561D05100A9005C /* Build configuration list for PBXNativeTarget "hello" */;
			buildPhases = (
				9699353F2561D04700A9005C /* Sources */,
				969935402561D04700A9005C /* Frameworks */,
				969935412561D04700A9005C /* Resources */,
			);
			buildRules = (
			);
			dependencies = (
			);
			name = hello;
			productName = hello;
			productReference = 969935432561D04700A9005C /* hello.app */;
			productType = "com.apple.product-type.application";
		};
		969935582561D05100A9005C /* helloTests */ = {
			isa = PBXNativeTarget;
			buildConfigurationList = 969935702561D05100A9005C /* Build configuration list for PBXNativeTarget "helloTests" */;
			buildPhases = (
				969935552561D05100A9005C /* Sources */,
				969935562561D05100A9005C /* Frameworks */,
				969935572561D05100A9005C /* Resources */,
			);
			buildRules = (
			);
			dependencies = (
				9699355B2561D05100A9005C /* PBXTargetDependency */,
			);
			name = helloTests;
			productName = helloTests;
			productReference = 969935592561D05100A9005C /* helloTests.xctest */;
			productType = "com.apple.product-type.bundle.unit-test";
		};
		969935632561D05100A9005C /* helloUITests */ = {
			isa = PBXNativeTarget;
			buildConfigurationList = 969935732561D05100A9005C /* Build configuration list for PBXNativeTarget "helloUITests" */;
			buildPhases = (
				969935602561D05100A9005C /* Sources */,
				969935612561D05100A9005C /* Frameworks */,
				969935622561D05100A9005C /* Resources */,
			);
			buildRules = (
			);
			dependencies = (
				969935662561D05100A9005C /* PBXTargetDependency */,
			);
			name = helloUITests;
			productName = helloUITests;
			productReference = 969935642561D05100A9005C /* helloUITests.xctest */;
			productType = "com.apple.product-type.bundle.ui-testing";
		};
/* End PBXNativeTarget section */

/* Begin PBXProject section */
		9699353B2561D04700A9005C /* Project object */ = {
			isa = PBXProject;
			attributes = {
				LastSwiftUpdateCheck = 1230;
				LastUpgradeCheck = 1230;
				TargetAttributes = {
					969935422561D04700A9005C = {
						CreatedOnToolsVersion = 12.3;
					};
					969935582561D05100A9005C = {
						CreatedOnToolsVersion = 12.3;
						TestTargetID = 969935422561D04700A9005C;
					};
					969935632561D05100A9005C = {
						CreatedOnToolsVersion = 12.3;
						TestTargetID = 969935422561D04700A9005C;
					};
				};
			};
			buildConfigurationList = 9699353E2561D04700A9005C /* Build configuration list for PBXProject "hello" */;
			compatibilityVersion = "Xcode 9.3";
			developmentRegion = en;
			hasScannedForEncodings = 0;
			knownRegions = (
				en,
				Base,
			);
			mainGroup = 9699353A2561D04700A9005C;
			productRefGroup = 969935442561D04700A9005C /* Products */;
			projectDirPath = "";
			projectRoot = "";
			targets = (
				969935422561D04700A9005C /* hello */,
				969935582561D05100A9005C /* helloTests */,
				969935632561D05100A9005C /* helloUITests */,
			);
		};
/* End PBXProject section */

/* Begin PBXResourcesBuildPhase section */
		969935412561D04700A9005C /* Resources */ = {
			isa = PBXResourcesBuildPhase;
			buildActionMask = 2147483647;
			files = (
				969935532561D05000A9005C /* LaunchScreen.storyboard in Resources */,
				969935502561D05000A9005C /* Assets.xcassets in Resources */,
				9699354E2561D04800A9005C /* Main.storyboard in Resources */,
			);
			runOnlyForDeploymentPostprocessing = 0;
		};
		969935572561D05100A9005C /* Resources */ = {
			isa = PBXResourcesBuildPhase;
			buildActionMask = 2147483647;
			files = (
			);
			runOnlyForDeploymentPostprocessing = 0;
		};
		969935622561D05100A9005C /* Resources */ = {
			isa = PBXResourcesBuildPhase;
			buildActionMask = 2147483647;
			files = (
			);
			runOnlyForDeploymentPostprocessing = 0;
		};
/* End PBXResourcesBuildPhase section */

/* Begin PBXSourcesBuildPhase section */
		9699353F2561D04700A9005C /* Sources */ = {
			isa = PBXSourcesBuildPhase;
			buildActionMask = 2147483647;
			files = (
				9699354B2561D04700A9005C /* ViewController.swift in Sources */,
				969935472561D04700A9005C /* AppDelegate.swift in Sources */,
				969935492561D04700A9005C /* SceneDelegate.swift in Sources */,
				9699357D2561DAFD00A9005C /* RegisterViewController.swift in Sources */,
			);
			runOnlyForDeploymentPostprocessing = 0;
		};
		969935552561D05100A9005C /* Sources */ = {
			isa = PBXSourcesBuildPhase;
			buildActionMask = 2147483647;
			files = (
				9699355E2561D05100A9005C /* helloTests.swift in Sources */,
			);
			runOnlyForDeploymentPostprocessing = 0;
		};
		969935602561D05100A9005C /* Sources */ = {
			isa = PBXSourcesBuildPhase;
			buildActionMask = 2147483647;
			files = (
				969935692561D05100A9005C /* helloUITests.swift in Sources */,
			);
			runOnlyForDeploymentPostprocessing = 0;
		};
/* End PBXSourcesBuildPhase section */

/* Begin PBXTargetDependency section */
		9699355B2561D05100A9005C /* PBXTargetDependency */ = {
			isa = PBXTargetDependency;
			target = 969935422561D04700A9005C /* hello */;
			targetProxy = 9699355A2561D05100A9005C /* PBXContainerItemProxy */;
		};
		969935662561D05100A9005C /* PBXTargetDependency */ = {
			isa = PBXTargetDependency;
			target = 969935422561D04700A9005C /* hello */;
			targetProxy = 969935652561D05100A9005C /* PBXContainerItemProxy */;
		};
/* End PBXTargetDependency section */

/* Begin PBXVariantGroup section */
		9699354C2561D04800A9005C /* Main.storyboard */ = {
			isa = PBXVariantGroup;
			children = (
				9699354D2561D04800A9005C /* Base */,
			);
			name = Main.storyboard;
			sourceTree = "<group>";
		};
		969935512561D05000A9005C /* LaunchScreen.storyboard */ = {
			isa = PBXVariantGroup;
			children = (
				969935522561D05000A9005C /* Base */,
			);
			name = LaunchScreen.storyboard;
			sourceTree = "<group>";
		};
/* End PBXVariantGroup section */

/* Begin XCBuildConfiguration section */
		9699356B2561D05100A9005C /* Debug */ = {
			isa = XCBuildConfiguration;
			buildSettings = {
				ALWAYS_SEARCH_USER_PATHS = NO;
				CLANG_ANALYZER_NONNULL = YES;
				CLANG_ANALYZER_NUMBER_OBJECT_CONVERSION = YES_AGGRESSIVE;
				CLANG_CXX_LANGUAGE_STANDARD = "gnu++14";
				CLANG_CXX_LIBRARY = "libc++";
				CLANG_ENABLE_MODULES = YES;
				CLANG_ENABLE_OBJC_ARC = YES;
				CLANG_ENABLE_OBJC_WEAK = YES;
				CLANG_WARN_BLOCK_CAPTURE_AUTORELEASING = YES;
				CLANG_WARN_BOOL_CONVERSION = YES;
				CLANG_WARN_COMMA = YES;
				CLANG_WARN_CONSTANT_CONVERSION = YES;
				CLANG_WARN_DEPRECATED_OBJC_IMPLEMENTATIONS = YES;
				CLANG_WARN_DIRECT_OBJC_ISA_USAGE = YES_ERROR;
				CLANG_WARN_DOCUMENTATION_COMMENTS = YES;
				CLANG_WARN_EMPTY_BODY = YES;
				CLANG_WARN_ENUM_CONVERSION = YES;
				CLANG_WARN_INFINITE_RECURSION = YES;
				CLANG_WARN_INT_CONVERSION = YES;
				CLANG_WARN_NON_LITERAL_NULL_CONVERSION = YES;
				CLANG_WARN_OBJC_IMPLICIT_RETAIN_SELF = YES;
				CLANG_WARN_OBJC_LITERAL_CONVERSION = YES;
				CLANG_WARN_OBJC_ROOT_CLASS = YES_ERROR;
				CLANG_WARN_QUOTED_INCLUDE_IN_FRAMEWORK_HEADER = YES;
				CLANG_WARN_RANGE_LOOP_ANALYSIS = YES;
				CLANG_WARN_STRICT_PROTOTYPES = YES;
				CLANG_WARN_SUSPICIOUS_MOVE = YES;
				CLANG_WARN_UNGUARDED_AVAILABILITY = YES_AGGRESSIVE;
				CLANG_WARN_UNREACHABLE_CODE = YES;
				CLANG_WARN__DUPLICATE_METHOD_MATCH = YES;
				COPY_PHASE_STRIP = NO;
				DEBUG_INFORMATION_FORMAT = dwarf;
				ENABLE_STRICT_OBJC_MSGSEND = YES;
				ENABLE_TESTABILITY = YES;
				GCC_C_LANGUAGE_STANDARD = gnu11;
				GCC_DYNAMIC_NO_PIC = NO;
				GCC_NO_COMMON_BLOCKS = YES;
				GCC_OPTIMIZATION_LEVEL = 0;
				GCC_PREPROCESSOR_DEFINITIONS = (
					"DEBUG=1",
					"$(inherited)",
				);
				GCC_WARN_64_TO_32_BIT_CONVERSION = YES;
				GCC_WARN_ABOUT_RETURN_TYPE = YES_ERROR;
				GCC_WARN_UNDECLARED_SELECTOR = YES;
				GCC_WARN_UNINITIALIZED_AUTOS = YES_AGGRESSIVE;
				GCC_WARN_UNUSED_FUNCTION = YES;
				GCC_WARN_UNUSED_VARIABLE = YES;
				IPHONEOS_DEPLOYMENT_TARGET = 14.3;
				MTL_ENABLE_DEBUG_INFO = INCLUDE_SOURCE;
				MTL_FAST_MATH = YES;
				ONLY_ACTIVE_ARCH = YES;
				SDKROOT = iphoneos;
				SWIFT_ACTIVE_COMPILATION_CONDITIONS = DEBUG;
				SWIFT_OPTIMIZATION_LEVEL = "-Onone";
			};
			name = Debug;
		};
		9699356C2561D05100A9005C /* Release */ = {
			isa = XCBuildConfiguration;
			buildSettings = {
				ALWAYS_SEARCH_USER_PATHS = NO;
				CLANG_ANALYZER_NONNULL = YES;
				CLANG_ANALYZER_NUMBER_OBJECT_CONVERSION = YES_AGGRESSIVE;
				CLANG_CXX_LANGUAGE_STANDARD = "gnu++14";
				CLANG_CXX_LIBRARY = "libc++";
				CLANG_ENABLE_MODULES = YES;
				CLANG_ENABLE_OBJC_ARC = YES;
				CLANG_ENABLE_OBJC_WEAK = YES;
				CLANG_WARN_BLOCK_CAPTURE_AUTORELEASING = YES;
				CLANG_WARN_BOOL_CONVERSION = YES;
				CLANG_WARN_COMMA = YES;
				CLANG_WARN_CONSTANT_CONVERSION = YES;
				CLANG_WARN_DEPRECATED_OBJC_IMPLEMENTATIONS = YES;
				CLANG_WARN_DIRECT_OBJC_ISA_USAGE = YES_ERROR;
				CLANG_WARN_DOCUMENTATION_COMMENTS = YES;
				CLANG_WARN_EMPTY_BODY = YES;
				CLANG_WARN_ENUM_CONVERSION = YES;
				CLANG_WARN_INFINITE_RECURSION = YES;
				CLANG_WARN_INT_CONVERSION = YES;
				CLANG_WARN_NON_LITERAL_NULL_CONVERSION = YES;
				CLANG_WARN_OBJC_IMPLICIT_RETAIN_SELF = YES;
				CLANG_WARN_OBJC_LITERAL_CONVERSION = YES;
				CLANG_WARN_OBJC_ROOT_CLASS = YES_ERROR;
				CLANG_WARN_QUOTED_INCLUDE_IN_FRAMEWORK_HEADER = YES;
				CLANG_WARN_RANGE_LOOP_ANALYSIS = YES;
				CLANG_WARN_STRICT_PROTOTYPES = YES;
				CLANG_WARN_SUSPICIOUS_MOVE = YES;
				CLANG_WARN_UNGUARDED_AVAILABILITY = YES_AGGRESSIVE;
				CLANG_WARN_UNREACHABLE_CODE = YES;
				CLANG_WARN__DUPLICATE_METHOD_MATCH = YES;
				COPY_PHASE_STRIP = NO;
				DEBUG_INFORMATION_FORMAT = "dwarf-with-dsym";
				ENABLE_NS_ASSERTIONS = NO;
				ENABLE_STRICT_OBJC_MSGSEND = YES;
				GCC_C_LANGUAGE_STANDARD = gnu11;
				GCC_NO_COMMON_BLOCKS = YES;
				GCC_WARN_64_TO_32_BIT_CONVERSION = YES;
				GCC_WARN_ABOUT_RETURN_TYPE = YES_ERROR;
				GCC_WARN_UNDECLARED_SELECTOR = YES;
				GCC_WARN_UNINITIALIZED_AUTOS = YES_AGGRESSIVE;
				GCC_WARN_UNUSED_FUNCTION = YES;
				GCC_WARN_UNUSED_VARIABLE = YES;
				IPHONEOS_DEPLOYMENT_TARGET = 14.3;
				MTL_ENABLE_DEBUG_INFO = NO;
				MTL_FAST_MATH = YES;
				SDKROOT = iphoneos;
				SWIFT_COMPILATION_MODE = wholemodule;
				SWIFT_OPTIMIZATION_LEVEL = "-O";
				VALIDATE_PRODUCT = YES;
			};
			name = Release;
		};
		9699356E2561D05100A9005C /* Debug */ = {
			isa = XCBuildConfiguration;
			buildSettings = {
				ASSETCATALOG_COMPILER_APPICON_NAME = AppIcon;
				ASSETCATALOG_COMPILER_GLOBAL_ACCENT_COLOR_NAME = AccentColor;
				CODE_SIGN_STYLE = Automatic;
				DEVELOPMENT_TEAM = J3ZH93DTBS;
				INFOPLIST_FILE = hello/Info.plist;
				LD_RUNPATH_SEARCH_PATHS = (
					"$(inherited)",
					"@executable_path/Frameworks",
				);
				PRODUCT_BUNDLE_IDENTIFIER = hello.hello;
				PRODUCT_NAME = "$(TARGET_NAME)";
				SWIFT_VERSION = 5.0;
				TARGETED_DEVICE_FAMILY = "1,2";
			};
			name = Debug;
		};
		9699356F2561D05100A9005C /* Release */ = {
			isa = XCBuildConfiguration;
			buildSettings = {
				ASSETCATALOG_COMPILER_APPICON_NAME = AppIcon;
				ASSETCATALOG_COMPILER_GLOBAL_ACCENT_COLOR_NAME = AccentColor;
				CODE_SIGN_STYLE = Automatic;
				DEVELOPMENT_TEAM = J3ZH93DTBS;
				INFOPLIST_FILE = hello/Info.plist;
				LD_RUNPATH_SEARCH_PATHS = (
					"$(inherited)",
					"@executable_path/Frameworks",
				);
				PRODUCT_BUNDLE_IDENTIFIER = hello.hello;
				PRODUCT_NAME = "$(TARGET_NAME)";
				SWIFT_VERSION = 5.0;
				TARGETED_DEVICE_FAMILY = "1,2";
			};
			name = Release;
		};
		969935712561D05100A9005C /* Debug */ = {
			isa = XCBuildConfiguration;
			buildSettings = {
				ALWAYS_EMBED_SWIFT_STANDARD_LIBRARIES = YES;
				BUNDLE_LOADER = "$(TEST_HOST)";
				CODE_SIGN_STYLE = Automatic;
				DEVELOPMENT_TEAM = J3ZH93DTBS;
				INFOPLIST_FILE = helloTests/Info.plist;
				IPHONEOS_DEPLOYMENT_TARGET = 14.3;
				LD_RUNPATH_SEARCH_PATHS = (
					"$(inherited)",
					"@executable_path/Frameworks",
					"@loader_path/Frameworks",
				);
				PRODUCT_BUNDLE_IDENTIFIER = hello.helloTests;
				PRODUCT_NAME = "$(TARGET_NAME)";
				SWIFT_VERSION = 5.0;
				TARGETED_DEVICE_FAMILY = "1,2";
				TEST_HOST = "$(BUILT_PRODUCTS_DIR)/hello.app/hello";
			};
			name = Debug;
		};
		969935722561D05100A9005C /* Release */ = {
			isa = XCBuildConfiguration;
			buildSettings = {
				ALWAYS_EMBED_SWIFT_STANDARD_LIBRARIES = YES;
				BUNDLE_LOADER = "$(TEST_HOST)";
				CODE_SIGN_STYLE = Automatic;
				DEVELOPMENT_TEAM = J3ZH93DTBS;
				INFOPLIST_FILE = helloTests/Info.plist;
				IPHONEOS_DEPLOYMENT_TARGET = 14.3;
				LD_RUNPATH_SEARCH_PATHS = (
					"$(inherited)",
					"@executable_path/Frameworks",
					"@loader_path/Frameworks",
				);
				PRODUCT_BUNDLE_IDENTIFIER = hello.helloTests;
				PRODUCT_NAME = "$(TARGET_NAME)";
				SWIFT_VERSION = 5.0;
				TARGETED_DEVICE_FAMILY = "1,2";
				TEST_HOST = "$(BUILT_PRODUCTS_DIR)/hello.app/hello";
			};
			name = Release;
		};
		969935742561D05100A9005C /* Debug */ = {
			isa = XCBuildConfiguration;
			buildSettings = {
				ALWAYS_EMBED_SWIFT_STANDARD_LIBRARIES = YES;
				CODE_SIGN_STYLE = Automatic;
				DEVELOPMENT_TEAM = J3ZH93DTBS;
				INFOPLIST_FILE = helloUITests/Info.plist;
				LD_RUNPATH_SEARCH_PATHS = (
					"$(inherited)",
					"@executable_path/Frameworks",
					"@loader_path/Frameworks",
				);
				PRODUCT_BUNDLE_IDENTIFIER = hello.helloUITests;
				PRODUCT_NAME = "$(TARGET_NAME)";
				SWIFT_VERSION = 5.0;
				TARGETED_DEVICE_FAMILY = "1,2";
				TEST_TARGET_NAME = hello;
			};
			name = Debug;
		};
		969935752561D05100A9005C /* Release */ = {
			isa = XCBuildConfiguration;
			buildSettings = {
				ALWAYS_EMBED_SWIFT_STANDARD_LIBRARIES = YES;
				CODE_SIGN_STYLE = Automatic;
				DEVELOPMENT_TEAM = J3ZH93DTBS;
				INFOPLIST_FILE = helloUITests/Info.plist;
				LD_RUNPATH_SEARCH_PATHS = (
					"$(inherited)",
					"@executable_path/Frameworks",
					"@loader_path/Frameworks",
				);
				PRODUCT_BUNDLE_IDENTIFIER = hello.helloUITests;
				PRODUCT_NAME = "$(TARGET_NAME)";
				SWIFT_VERSION = 5.0;
				TARGETED_DEVICE_FAMILY = "1,2";
				TEST_TARGET_NAME = hello;
			};
			name = Release;
		};
/* End XCBuildConfiguration section */

/* Begin XCConfigurationList section */
		9699353E2561D04700A9005C /* Build configuration list for PBXProject "hello" */ = {
			isa = XCConfigurationList;
			buildConfigurations = (
				9699356B2561D05100A9005C /* Debug */,
				9699356C2561D05100A9005C /* Release */,
			);
			defaultConfigurationIsVisible = 0;
			defaultConfigurationName = Release;
		};
		9699356D2561D05100A9005C /* Build configuration list for PBXNativeTarget "hello" */ = {
			isa = XCConfigurationList;
			buildConfigurations = (
				9699356E2561D05100A9005C /* Debug */,
				9699356F2561D05100A9005C /* Release */,
			);
			defaultConfigurationIsVisible = 0;
			defaultConfigurationName = Release;
		};
		969935702561D05100A9005C /* Build configuration list for PBXNativeTarget "helloTests" */ = {
			isa = XCConfigurationList;
			buildConfigurations = (
				969935712561D05100A9005C /* Debug */,
				969935722561D05100A9005C /* Release */,
			);
			defaultConfigurationIsVisible = 0;
			defaultConfigurationName = Release;
		};
		969935732561D05100A9005C /* Build configuration list for PBXNativeTarget "helloUITests" */ = {
			isa = XCConfigurationList;
			buildConfigurations = (
				969935742561D05100A9005C /* Debug */,
				969935752561D05100A9005C /* Release */,
			);
			defaultConfigurationIsVisible = 0;
			defaultConfigurationName = Release;
		};
/* End XCConfigurationList section */
	};
	rootObject = 9699353B2561D04700A9005C /* Project object */;
}
